
Microsoft Visual Studio Solution File, Format Version 12.00
# Visual Studio Version 17
VisualStudioVersion = 17.7.34202.233
MinimumVisualStudioVersion = 10.0.40219.1
Project("{FAE04EC0-301F-11D3-BF4B-00C04F79EFBC}") = "Hotel.API", "Services\HotelService\Hotel.API\Hotel.API.csproj", "{83C6601E-3160-431D-ABCE-9A76786FFEA6}"
EndProject
Project("{2150E333-8FDC-42A3-9474-1A3956D46DE8}") = "Services", "Services", "{86AD3BB8-7BE7-4BD8-B1DD-98F0A38AF6DF}"
EndProject
Project("{2150E333-8FDC-42A3-9474-1A3956D46DE8}") = "HotelService", "HotelService", "{06D7EB7A-A8AB-43AE-9548-BA1C969FE9C6}"
EndProject
Global
	GlobalSection(SolutionConfigurationPlatforms) = preSolution
		Debug|Any CPU = Debug|Any CPU
		Release|Any CPU = Release|Any CPU
	EndGlobalSection
	GlobalSection(ProjectConfigurationPlatforms) = postSolution
		{83C6601E-3160-431D-ABCE-9A76786FFEA6}.Debug|Any CPU.ActiveCfg = Debug|Any CPU
		{83C6601E-3160-431D-ABCE-9A76786FFEA6}.Debug|Any CPU.Build.0 = Debug|Any CPU
		{83C6601E-3160-431D-ABCE-9A76786FFEA6}.Release|Any CPU.ActiveCfg = Release|Any CPU
		{83C6601E-3160-431D-ABCE-9A76786FFEA6}.Release|Any CPU.Build.0 = Release|Any CPU
	EndGlobalSection
	GlobalSection(SolutionProperties) = preSolution
		HideSolutionNode = FALSE
	EndGlobalSection
	GlobalSection(NestedProjects) = preSolution
		{83C6601E-3160-431D-ABCE-9A76786FFEA6} = {06D7EB7A-A8AB-43AE-9548-BA1C969FE9C6}
		{06D7EB7A-A8AB-43AE-9548-BA1C969FE9C6} = {86AD3BB8-7BE7-4BD8-B1DD-98F0A38AF6DF}
	EndGlobalSection
	GlobalSection(ExtensibilityGlobals) = postSolution
		SolutionGuid = {348B4A37-1B61-49E5-8F4C-E0ED1B5D97A2}
	EndGlobalSection
EndGlobal
